
Microsoft Visual Studio Solution File, Format Version 12.00
# Visual Studio Version 17
VisualStudioVersion = 17.8.34408.163
MinimumVisualStudioVersion = 10.0.40219.1
Project("{FAE04EC0-301F-11D3-BF4B-00C04F79EFBC}") = "Conversor_De_Temperatura", "Conversor_De_Temperatura\Conversor_De_Temperatura.csproj", "{3EE413C3-DAE2-4A11-9631-45C38FD70DAA}"
EndProject
Global
	GlobalSection(SolutionConfigurationPlatforms) = preSolution
		Debug|Any CPU = Debug|Any CPU
		Release|Any CPU = Release|Any CPU
	EndGlobalSection
	GlobalSection(ProjectConfigurationPlatforms) = postSolution
		{3EE413C3-DAE2-4A11-9631-45C38FD70DAA}.Debug|Any CPU.ActiveCfg = Debug|Any CPU
		{3EE413C3-DAE2-4A11-9631-45C38FD70DAA}.Debug|Any CPU.Build.0 = Debug|Any CPU
		{3EE413C3-DAE2-4A11-9631-45C38FD70DAA}.Release|Any CPU.ActiveCfg = Release|Any CPU
		{3EE413C3-DAE2-4A11-9631-45C38FD70DAA}.Release|Any CPU.Build.0 = Release|Any CPU
	EndGlobalSection
	GlobalSection(SolutionProperties) = preSolution
		HideSolutionNode = FALSE
	EndGlobalSection
	GlobalSection(ExtensibilityGlobals) = postSolution
		SolutionGuid = {15C76FA8-6ACC-489B-B34A-A318C99BECF9}
	EndGlobalSection
EndGlobal
